// !$*UTF8*$!
{
	archiveVersion = 1;
	classes = {
	};
	objectVersion = 50;
	objects = {

/* Begin PBXBuildFile section */
		28C5BFAA20F5DA3300AAC987 /* AppDelegate.swift in Sources */ = {isa = PBXBuildFile; fileRef = 28C5BFA920F5DA3300AAC987 /* AppDelegate.swift */; };
		28C5BFAC20F5DA3300AAC987 /* ViewController.swift in Sources */ = {isa = PBXBuildFile; fileRef = 28C5BFAB20F5DA3300AAC987 /* ViewController.swift */; };
		28C5BFAF20F5DA3300AAC987 /* Main.storyboard in Resources */ = {isa = PBXBuildFile; fileRef = 28C5BFAD20F5DA3300AAC987 /* Main.storyboard */; };
		28C5BFB120F5DA3400AAC987 /* Assets.xcassets in Resources */ = {isa = PBXBuildFile; fileRef = 28C5BFB020F5DA3400AAC987 /* Assets.xcassets */; };
		28C5BFB420F5DA3400AAC987 /* LaunchScreen.storyboard in Resources */ = {isa = PBXBuildFile; fileRef = 28C5BFB220F5DA3400AAC987 /* LaunchScreen.storyboard */; };
		28C5BFC220F5DA5C00AAC987 /* KeyboardViewController.swift in Sources */ = {isa = PBXBuildFile; fileRef = 28C5BFC120F5DA5C00AAC987 /* KeyboardViewController.swift */; };
		28C5BFC620F5DA5C00AAC987 /* iOS CustomKeyboard.appex in Embed App Extensions */ = {isa = PBXBuildFile; fileRef = 28C5BFBF20F5DA5C00AAC987 /* iOS CustomKeyboard.appex */; settings = {ATTRIBUTES = (RemoveHeadersOnCopy, ); }; };
		28C5BFCC20F5DA7500AAC987 /* KeyboardView.xib in Resources */ = {isa = PBXBuildFile; fileRef = 28C5BFCB20F5DA7500AAC987 /* KeyboardView.xib */; };
/* End PBXBuildFile section */

/* Begin PBXContainerItemProxy section */
		28C5BFC420F5DA5C00AAC987 /* PBXContainerItemProxy */ = {
			isa = PBXContainerItemProxy;
			containerPortal = 28C5BF9E20F5DA3300AAC987 /* Project object */;
			proxyType = 1;
			remoteGlobalIDString = 28C5BFBE20F5DA5C00AAC987;
			remoteInfo = "iOS CustomKeyboard";
		};
/* End PBXContainerItemProxy section */

/* Begin PBXCopyFilesBuildPhase section */
		28C5BFCA20F5DA5C00AAC987 /* Embed App Extensions */ = {
			isa = PBXCopyFilesBuildPhase;
			buildActionMask = 2147483647;
			dstPath = "";
			dstSubfolderSpec = 13;
			files = (
				28C5BFC620F5DA5C00AAC987 /* iOS CustomKeyboard.appex in Embed App Extensions */,
			);
			name = "Embed App Extensions";
			runOnlyForDeploymentPostprocessing = 0;
		};
/* End PBXCopyFilesBuildPhase section */

/* Begin PBXFileReference section */
		28C5BFA620F5DA3300AAC987 /* CustomExtensionKeyboard.app */ = {isa = PBXFileReference; explicitFileType = wrapper.application; includeInIndex = 0; path = CustomExtensionKeyboard.app; sourceTree = BUILT_PRODUCTS_DIR; };
		28C5BFA920F5DA3300AAC987 /* AppDelegate.swift */ = {isa = PBXFileReference; lastKnownFileType = sourcecode.swift; path = AppDelegate.swift; sourceTree = "<group>"; };
		28C5BFAB20F5DA3300AAC987 /* ViewController.swift */ = {isa = PBXFileReference; lastKnownFileType = sourcecode.swift; path = ViewController.swift; sourceTree = "<group>"; };
		28C5BFAE20F5DA3300AAC987 /* Base */ = {isa = PBXFileReference; lastKnownFileType = file.storyboard; name = Base; path = Base.lproj/Main.storyboard; sourceTree = "<group>"; };
		28C5BFB020F5DA3400AAC987 /* Assets.xcassets */ = {isa = PBXFileReference; lastKnownFileType = folder.assetcatalog; path = Assets.xcassets; sourceTree = "<group>"; };
		28C5BFB320F5DA3400AAC987 /* Base */ = {isa = PBXFileReference; lastKnownFileType = file.storyboard; name = Base; path = Base.lproj/LaunchScreen.storyboard; sourceTree = "<group>"; };
		28C5BFB520F5DA3400AAC987 /* Info.plist */ = {isa = PBXFileReference; lastKnownFileType = text.plist.xml; path = Info.plist; sourceTree = "<group>"; };
		28C5BFBF20F5DA5C00AAC987 /* iOS CustomKeyboard.appex */ = {isa = PBXFileReference; explicitFileType = "wrapper.app-extension"; includeInIndex = 0; path = "iOS CustomKeyboard.appex"; sourceTree = BUILT_PRODUCTS_DIR; };
		28C5BFC120F5DA5C00AAC987 /* KeyboardViewController.swift */ = {isa = PBXFileReference; lastKnownFileType = sourcecode.swift; path = KeyboardViewController.swift; sourceTree = "<group>"; };
		28C5BFC320F5DA5C00AAC987 /* Info.plist */ = {isa = PBXFileReference; lastKnownFileType = text.plist.xml; path = Info.plist; sourceTree = "<group>"; };
		28C5BFCB20F5DA7500AAC987 /* KeyboardView.xib */ = {isa = PBXFileReference; fileEncoding = 4; lastKnownFileType = file.xib; path = KeyboardView.xib; sourceTree = "<group>"; };
/* End PBXFileReference section */

/* Begin PBXFrameworksBuildPhase section */
		28C5BFA320F5DA3300AAC987 /* Frameworks */ = {
			isa = PBXFrameworksBuildPhase;
			buildActionMask = 2147483647;
			files = (
			);
			runOnlyForDeploymentPostprocessing = 0;
		};
		28C5BFBC20F5DA5C00AAC987 /* Frameworks */ = {
			isa = PBXFrameworksBuildPhase;
			buildActionMask = 2147483647;
			files = (
			);
			runOnlyForDeploymentPostprocessing = 0;
		};
/* End PBXFrameworksBuildPhase section */

/* Begin PBXGroup section */
		28C5BF9D20F5DA3300AAC987 = {
			isa = PBXGroup;
			children = (
				28C5BFA820F5DA3300AAC987 /* CustomExtensionKeyboard */,
				28C5BFC020F5DA5C00AAC987 /* iOS CustomKeyboard */,
				28C5BFA720F5DA3300AAC987 /* Products */,
			);
			sourceTree = "<group>";
		};
		28C5BFA720F5DA3300AAC987 /* Products */ = {
			isa = PBXGroup;
			children = (
				28C5BFA620F5DA3300AAC987 /* CustomExtensionKeyboard.app */,
				28C5BFBF20F5DA5C00AAC987 /* iOS CustomKeyboard.appex */,
			);
			name = Products;
			sourceTree = "<group>";
		};
		28C5BFA820F5DA3300AAC987 /* CustomExtensionKeyboard */ = {
			isa = PBXGroup;
			children = (
				28C5BFA920F5DA3300AAC987 /* AppDelegate.swift */,
				28C5BFAB20F5DA3300AAC987 /* ViewController.swift */,
				28C5BFAD20F5DA3300AAC987 /* Main.storyboard */,
				28C5BFB020F5DA3400AAC987 /* Assets.xcassets */,
				28C5BFB220F5DA3400AAC987 /* LaunchScreen.storyboard */,
				28C5BFB520F5DA3400AAC987 /* Info.plist */,
			);
			path = CustomExtensionKeyboard;
			sourceTree = "<group>";
		};
		28C5BFC020F5DA5C00AAC987 /* iOS CustomKeyboard */ = {
			isa = PBXGroup;
			children = (
				28C5BFC120F5DA5C00AAC987 /* KeyboardViewController.swift */,
				28C5BFCB20F5DA7500AAC987 /* KeyboardView.xib */,
				28C5BFC320F5DA5C00AAC987 /* Info.plist */,
			);
			path = "iOS CustomKeyboard";
			sourceTree = "<group>";
		};
/* End PBXGroup section */

/* Begin PBXNativeTarget section */
		28C5BFA520F5DA3300AAC987 /* CustomExtensionKeyboard */ = {
			isa = PBXNativeTarget;
			buildConfigurationList = 28C5BFB820F5DA3400AAC987 /* Build configuration list for PBXNativeTarget "CustomExtensionKeyboard" */;
			buildPhases = (
				28C5BFA220F5DA3300AAC987 /* Sources */,
				28C5BFA320F5DA3300AAC987 /* Frameworks */,
				28C5BFA420F5DA3300AAC987 /* Resources */,
				28C5BFCA20F5DA5C00AAC987 /* Embed App Extensions */,
			);
			buildRules = (
			);
			dependencies = (
				28C5BFC520F5DA5C00AAC987 /* PBXTargetDependency */,
			);
			name = CustomExtensionKeyboard;
			productName = CustomExtensionKeyboard;
			productReference = 28C5BFA620F5DA3300AAC987 /* CustomExtensionKeyboard.app */;
			productType = "com.apple.product-type.application";
		};
		28C5BFBE20F5DA5C00AAC987 /* iOS CustomKeyboard */ = {
			isa = PBXNativeTarget;
			buildConfigurationList = 28C5BFC720F5DA5C00AAC987 /* Build configuration list for PBXNativeTarget "iOS CustomKeyboard" */;
			buildPhases = (
				28C5BFBB20F5DA5C00AAC987 /* Sources */,
				28C5BFBC20F5DA5C00AAC987 /* Frameworks */,
				28C5BFBD20F5DA5C00AAC987 /* Resources */,
			);
			buildRules = (
			);
			dependencies = (
			);
			name = "iOS CustomKeyboard";
			productName = "iOS CustomKeyboard";
			productReference = 28C5BFBF20F5DA5C00AAC987 /* iOS CustomKeyboard.appex */;
			productType = "com.apple.product-type.app-extension";
		};
/* End PBXNativeTarget section */

/* Begin PBXProject section */
		28C5BF9E20F5DA3300AAC987 /* Project object */ = {
			isa = PBXProject;
			attributes = {
				LastSwiftUpdateCheck = 0940;
				LastUpgradeCheck = 0940;
				ORGANIZATIONNAME = "varsha s rao";
				TargetAttributes = {
					28C5BFA520F5DA3300AAC987 = {
						CreatedOnToolsVersion = 9.4.1;
					};
					28C5BFBE20F5DA5C00AAC987 = {
						CreatedOnToolsVersion = 9.4.1;
					};
				};
			};
			buildConfigurationList = 28C5BFA120F5DA3300AAC987 /* Build configuration list for PBXProject "CustomExtensionKeyboard" */;
			compatibilityVersion = "Xcode 9.3";
			developmentRegion = en;
			hasScannedForEncodings = 0;
			knownRegions = (
				en,
				Base,
			);
			mainGroup = 28C5BF9D20F5DA3300AAC987;
			productRefGroup = 28C5BFA720F5DA3300AAC987 /* Products */;
			projectDirPath = "";
			projectRoot = "";
			targets = (
				28C5BFA520F5DA3300AAC987 /* CustomExtensionKeyboard */,
				28C5BFBE20F5DA5C00AAC987 /* iOS CustomKeyboard */,
			);
		};
/* End PBXProject section */

/* Begin PBXResourcesBuildPhase section */
		28C5BFA420F5DA3300AAC987 /* Resources */ = {
			isa = PBXResourcesBuildPhase;
			buildActionMask = 2147483647;
			files = (
				28C5BFB420F5DA3400AAC987 /* LaunchScreen.storyboard in Resources */,
				28C5BFB120F5DA3400AAC987 /* Assets.xcassets in Resources */,
				28C5BFAF20F5DA3300AAC987 /* Main.storyboard in Resources */,
			);
			runOnlyForDeploymentPostprocessing = 0;
		};
		28C5BFBD20F5DA5C00AAC987 /* Resources */ = {
			isa = PBXResourcesBuildPhase;
			buildActionMask = 2147483647;
			files = (
				28C5BFCC20F5DA7500AAC987 /* KeyboardView.xib in Resources */,
			);
			runOnlyForDeploymentPostprocessing = 0;
		};
/* End PBXResourcesBuildPhase section */

/* Begin PBXSourcesBuildPhase section */
		28C5BFA220F5DA3300AAC987 /* Sources */ = {
			isa = PBXSourcesBuildPhase;
			buildActionMask = 2147483647;
			files = (
				28C5BFAC20F5DA3300AAC987 /* ViewController.swift in Sources */,
				28C5BFAA20F5DA3300AAC987 /* AppDelegate.swift in Sources */,
			);
			runOnlyForDeploymentPostprocessing = 0;
		};
		28C5BFBB20F5DA5C00AAC987 /* Sources */ = {
			isa = PBXSourcesBuildPhase;
			buildActionMask = 2147483647;
			files = (
				28C5BFC220F5DA5C00AAC987 /* KeyboardViewController.swift in Sources */,
			);
			runOnlyForDeploymentPostprocessing = 0;
		};
/* End PBXSourcesBuildPhase section */

/* Begin PBXTargetDependency section */
		28C5BFC520F5DA5C00AAC987 /* PBXTargetDependency */ = {
			isa = PBXTargetDependency;
			target = 28C5BFBE20F5DA5C00AAC987 /* iOS CustomKeyboard */;
			targetProxy = 28C5BFC420F5DA5C00AAC987 /* PBXContainerItemProxy */;
		};
/* End PBXTargetDependency section */

/* Begin PBXVariantGroup section */
		28C5BFAD20F5DA3300AAC987 /* Main.storyboard */ = {
			isa = PBXVariantGroup;
			children = (
				28C5BFAE20F5DA3300AAC987 /* Base */,
			);
			name = Main.storyboard;
			sourceTree = "<group>";
		};
		28C5BFB220F5DA3400AAC987 /* LaunchScreen.storyboard */ = {
			isa = PBXVariantGroup;
			children = (
				28C5BFB320F5DA3400AAC987 /* Base */,
			);
			name = LaunchScreen.storyboard;
			sourceTree = "<group>";
		};
/* End PBXVariantGroup section */

/* Begin XCBuildConfiguration section */
		28C5BFB620F5DA3400AAC987 /* Debug */ = {
			isa = XCBuildConfiguration;
			buildSettings = {
				ALWAYS_SEARCH_USER_PATHS = NO;
				CLANG_ANALYZER_NONNULL = YES;
				CLANG_ANALYZER_NUMBER_OBJECT_CONVERSION = YES_AGGRESSIVE;
				CLANG_CXX_LANGUAGE_STANDARD = "gnu++14";
				CLANG_CXX_LIBRARY = "libc++";
				CLANG_ENABLE_MODULES = YES;
				CLANG_ENABLE_OBJC_ARC = YES;
				CLANG_ENABLE_OBJC_WEAK = YES;
				CLANG_WARN_BLOCK_CAPTURE_AUTORELEASING = YES;
				CLANG_WARN_BOOL_CONVERSION = YES;
				CLANG_WARN_COMMA = YES;
				CLANG_WARN_CONSTANT_CONVERSION = YES;
				CLANG_WARN_DEPRECATED_OBJC_IMPLEMENTATIONS = YES;
				CLANG_WARN_DIRECT_OBJC_ISA_USAGE = YES_ERROR;
				CLANG_WARN_DOCUMENTATION_COMMENTS = YES;
				CLANG_WARN_EMPTY_BODY = YES;
				CLANG_WARN_ENUM_CONVERSION = YES;
				CLANG_WARN_INFINITE_RECURSION = YES;
				CLANG_WARN_INT_CONVERSION = YES;
				CLANG_WARN_NON_LITERAL_NULL_CONVERSION = YES;
				CLANG_WARN_OBJC_IMPLICIT_RETAIN_SELF = YES;
				CLANG_WARN_OBJC_LITERAL_CONVERSION = YES;
				CLANG_WARN_OBJC_ROOT_CLASS = YES_ERROR;
				CLANG_WARN_RANGE_LOOP_ANALYSIS = YES;
				CLANG_WARN_STRICT_PROTOTYPES = YES;
				CLANG_WARN_SUSPICIOUS_MOVE = YES;
				CLANG_WARN_UNGUARDED_AVAILABILITY = YES_AGGRESSIVE;
				CLANG_WARN_UNREACHABLE_CODE = YES;
				CLANG_WARN__DUPLICATE_METHOD_MATCH = YES;
				CODE_SIGN_IDENTITY = "iPhone Developer";
				COPY_PHASE_STRIP = NO;
				DEBUG_INFORMATION_FORMAT = dwarf;
				ENABLE_STRICT_OBJC_MSGSEND = YES;
				ENABLE_TESTABILITY = YES;
				GCC_C_LANGUAGE_STANDARD = gnu11;
				GCC_DYNAMIC_NO_PIC = NO;
				GCC_NO_COMMON_BLOCKS = YES;
				GCC_OPTIMIZATION_LEVEL = 0;
				GCC_PREPROCESSOR_DEFINITIONS = (
					"DEBUG=1",
					"$(inherited)",
				);
				GCC_WARN_64_TO_32_BIT_CONVERSION = YES;
				GCC_WARN_ABOUT_RETURN_TYPE = YES_ERROR;
				GCC_WARN_UNDECLARED_SELECTOR = YES;
				GCC_WARN_UNINITIALIZED_AUTOS = YES_AGGRESSIVE;
				GCC_WARN_UNUSED_FUNCTION = YES;
				GCC_WARN_UNUSED_VARIABLE = YES;
				IPHONEOS_DEPLOYMENT_TARGET = 11.4;
				MTL_ENABLE_DEBUG_INFO = YES;
				ONLY_ACTIVE_ARCH = YES;
				SDKROOT = iphoneos;
				SWIFT_ACTIVE_COMPILATION_CONDITIONS = DEBUG;
				SWIFT_OPTIMIZATION_LEVEL = "-Onone";
			};
			name = Debug;
		};
		28C5BFB720F5DA3400AAC987 /* Release */ = {
			isa = XCBuildConfiguration;
			buildSettings = {
				ALWAYS_SEARCH_USER_PATHS = NO;
				CLANG_ANALYZER_NONNULL = YES;
				CLANG_ANALYZER_NUMBER_OBJECT_CONVERSION = YES_AGGRESSIVE;
				CLANG_CXX_LANGUAGE_STANDARD = "gnu++14";
				CLANG_CXX_LIBRARY = "libc++";
				CLANG_ENABLE_MODULES = YES;
				CLANG_ENABLE_OBJC_ARC = YES;
				CLANG_ENABLE_OBJC_WEAK = YES;
				CLANG_WARN_BLOCK_CAPTURE_AUTORELEASING = YES;
				CLANG_WARN_BOOL_CONVERSION = YES;
				CLANG_WARN_COMMA = YES;
				CLANG_WARN_CONSTANT_CONVERSION = YES;
				CLANG_WARN_DEPRECATED_OBJC_IMPLEMENTATIONS = YES;
				CLANG_WARN_DIRECT_OBJC_ISA_USAGE = YES_ERROR;
				CLANG_WARN_DOCUMENTATION_COMMENTS = YES;
				CLANG_WARN_EMPTY_BODY = YES;
				CLANG_WARN_ENUM_CONVERSION = YES;
				CLANG_WARN_INFINITE_RECURSION = YES;
				CLANG_WARN_INT_CONVERSION = YES;
				CLANG_WARN_NON_LITERAL_NULL_CONVERSION = YES;
				CLANG_WARN_OBJC_IMPLICIT_RETAIN_SELF = YES;
				CLANG_WARN_OBJC_LITERAL_CONVERSION = YES;
				CLANG_WARN_OBJC_ROOT_CLASS = YES_ERROR;
				CLANG_WARN_RANGE_LOOP_ANALYSIS = YES;
				CLANG_WARN_STRICT_PROTOTYPES = YES;
				CLANG_WARN_SUSPICIOUS_MOVE = YES;
				CLANG_WARN_UNGUARDED_AVAILABILITY = YES_AGGRESSIVE;
				CLANG_WARN_UNREACHABLE_CODE = YES;
				CLANG_WARN__DUPLICATE_METHOD_MATCH = YES;
				CODE_SIGN_IDENTITY = "iPhone Developer";
				COPY_PHASE_STRIP = NO;
				DEBUG_INFORMATION_FORMAT = "dwarf-with-dsym";
				ENABLE_NS_ASSERTIONS = NO;
				ENABLE_STRICT_OBJC_MSGSEND = YES;
				GCC_C_LANGUAGE_STANDARD = gnu11;
				GCC_NO_COMMON_BLOCKS = YES;
				GCC_WARN_64_TO_32_BIT_CONVERSION = YES;
				GCC_WARN_ABOUT_RETURN_TYPE = YES_ERROR;
				GCC_WARN_UNDECLARED_SELECTOR = YES;
				GCC_WARN_UNINITIALIZED_AUTOS = YES_AGGRESSIVE;
				GCC_WARN_UNUSED_FUNCTION = YES;
				GCC_WARN_UNUSED_VARIABLE = YES;
				IPHONEOS_DEPLOYMENT_TARGET = 11.4;
				MTL_ENABLE_DEBUG_INFO = NO;
				SDKROOT = iphoneos;
				SWIFT_COMPILATION_MODE = wholemodule;
				SWIFT_OPTIMIZATION_LEVEL = "-O";
				VALIDATE_PRODUCT = YES;
			};
			name = Release;
		};
		28C5BFB920F5DA3400AAC987 /* Debug */ = {
			isa = XCBuildConfiguration;
			buildSettings = {
				ALWAYS_EMBED_SWIFT_STANDARD_LIBRARIES = YES;
				ASSETCATALOG_COMPILER_APPICON_NAME = AppIcon;
				CODE_SIGN_STYLE = Automatic;
				DEVELOPMENT_TEAM = KF83YCU9S8;
				INFOPLIST_FILE = CustomExtensionKeyboard/Info.plist;
				IPHONEOS_DEPLOYMENT_TARGET = 10.0;
				LD_RUNPATH_SEARCH_PATHS = (
					"$(inherited)",
					"@executable_path/Frameworks",
				);
				PRODUCT_BUNDLE_IDENTIFIER = com.ios.CustomExtensionKeyboard;
				PRODUCT_NAME = "$(TARGET_NAME)";
				SWIFT_VERSION = 4.0;
				TARGETED_DEVICE_FAMILY = "1,2";
			};
			name = Debug;
		};
		28C5BFBA20F5DA3400AAC987 /* Release */ = {
			isa = XCBuildConfiguration;
			buildSettings = {
				ALWAYS_EMBED_SWIFT_STANDARD_LIBRARIES = YES;
				ASSETCATALOG_COMPILER_APPICON_NAME = AppIcon;
				CODE_SIGN_STYLE = Automatic;
				DEVELOPMENT_TEAM = KF83YCU9S8;
				INFOPLIST_FILE = CustomExtensionKeyboard/Info.plist;
				IPHONEOS_DEPLOYMENT_TARGET = 10.0;
				LD_RUNPATH_SEARCH_PATHS = (
					"$(inherited)",
					"@executable_path/Frameworks",
				);
				PRODUCT_BUNDLE_IDENTIFIER = com.ios.CustomExtensionKeyboard;
				PRODUCT_NAME = "$(TARGET_NAME)";
				SWIFT_VERSION = 4.0;
				TARGETED_DEVICE_FAMILY = "1,2";
			};
			name = Release;
		};
		28C5BFC820F5DA5C00AAC987 /* Debug */ = {
			isa = XCBuildConfiguration;
			buildSettings = {
				CODE_SIGN_STYLE = Automatic;
				DEVELOPMENT_TEAM = KF83YCU9S8;
				INFOPLIST_FILE = "iOS CustomKeyboard/Info.plist";
				IPHONEOS_DEPLOYMENT_TARGET = 10.0;
				LD_RUNPATH_SEARCH_PATHS = (
					"$(inherited)",
					"@executable_path/Frameworks",
					"@executable_path/../../Frameworks",
				);
				PRODUCT_BUNDLE_IDENTIFIER = "com.ios.CustomExtensionKeyboard.iOS-CustomKeyboard";
				PRODUCT_NAME = "$(TARGET_NAME)";
				SKIP_INSTALL = YES;
				SWIFT_VERSION = 4.0;
				TARGETED_DEVICE_FAMILY = "1,2";
			};
			name = Debug;
		};
		28C5BFC920F5DA5C00AAC987 /* Release */ = {
			isa = XCBuildConfiguration;
			buildSettings = {
				CODE_SIGN_STYLE = Automatic;
				DEVELOPMENT_TEAM = KF83YCU9S8;
				INFOPLIST_FILE = "iOS CustomKeyboard/Info.plist";
				IPHONEOS_DEPLOYMENT_TARGET = 10.0;
				LD_RUNPATH_SEARCH_PATHS = (
					"$(inherited)",
					"@executable_path/Frameworks",
					"@executable_path/../../Frameworks",
				);
				PRODUCT_BUNDLE_IDENTIFIER = "com.ios.CustomExtensionKeyboard.iOS-CustomKeyboard";
				PRODUCT_NAME = "$(TARGET_NAME)";
				SKIP_INSTALL = YES;
				SWIFT_VERSION = 4.0;
				TARGETED_DEVICE_FAMILY = "1,2";
			};
			name = Release;
		};
/* End XCBuildConfiguration section */

/* Begin XCConfigurationList section */
		28C5BFA120F5DA3300AAC987 /* Build configuration list for PBXProject "CustomExtensionKeyboard" */ = {
			isa = XCConfigurationList;
			buildConfigurations = (
				28C5BFB620F5DA3400AAC987 /* Debug */,
				28C5BFB720F5DA3400AAC987 /* Release */,
			);
			defaultConfigurationIsVisible = 0;
			defaultConfigurationName = Release;
		};
		28C5BFB820F5DA3400AAC987 /* Build configuration list for PBXNativeTarget "CustomExtensionKeyboard" */ = {
			isa = XCConfigurationList;
			buildConfigurations = (
				28C5BFB920F5DA3400AAC987 /* Debug */,
				28C5BFBA20F5DA3400AAC987 /* Release */,
			);
			defaultConfigurationIsVisible = 0;
			defaultConfigurationName = Release;
		};
		28C5BFC720F5DA5C00AAC987 /* Build configuration list for PBXNativeTarget "iOS CustomKeyboard" */ = {
			isa = XCConfigurationList;
			buildConfigurations = (
				28C5BFC820F5DA5C00AAC987 /* Debug */,
				28C5BFC920F5DA5C00AAC987 /* Release */,
			);
			defaultConfigurationIsVisible = 0;
			defaultConfigurationName = Release;
		};
/* End XCConfigurationList section */
	};
	rootObject = 28C5BF9E20F5DA3300AAC987 /* Project object */;
}
